github.com/beevik/etree v1.5.1 h1:TC3zyxYp+81wAmbsi8SWUpZCurbxa6S8RITYRSkNRwo=
github.com/beevik/etree v1.5.1/go.mod h1:gPNJNaBGVZ9AwsidazFZyygnd+0pAU38N4D+WemwKNs=
github.com/chmike/cmac-go v1.1.0 h1:aF73ZAEx9N2WdQc93DOJ2fMsBDAGqUtuenjMJMb3kEI=
github.com/chmike/cmac-go v1.1.0/go.mod h1:wcIN7NRqWSKGuORzd4dReBkoBDE9ZBqfyTVxyDxGeUw=
github.com/deatil/go-cryptobin v1.1.1002 h1:CLDpd9IePLoDq9C78n7MHRd+hTfvNkz3AUFgxWB+6GE=
github.com/deatil/go-cryptobin v1.1.1002/go.mod h1:x+/+SzyfbxliY2y0Fwe+OoLU0DEt9kWs6OMiwghcfJ0=
golang.org/x/text v0.21.0 h1:zyQAAkrwaneQ066sspRyJaG9VNi/YJ1NfzcGB3hZ/qo=
golang.org/x/text v0.21.0/go.mod h1:4IBbMaMmOPCJ8SecivzSH54+73PCFmPWxNTLm+vZkEQ=
