github.com/andreburgaud/crypt2go v1.8.0 h1:J73vGTb1P6XL69SSuumbKs0DWn3ulbl9L92ZXBjw6pc=
github.com/andreburgaud/crypt2go v1.8.0/go.mod h1:L5nfShQ91W78hOWhUH2tlGRPO+POAPJAF5fKOLB9SXg=
github.com/chmike/cmac-go v1.1.0 h1:aF73ZAEx9N2WdQc93DOJ2fMsBDAGqUtuenjMJMb3kEI=
github.com/chmike/cmac-go v1.1.0/go.mod h1:wcIN7NRqWSKGuORzd4dReBkoBDE9ZBqfyTVxyDxGeUw=
github.com/deatil/go-cryptobin v1.1.1002 h1:CLDpd9IePLoDq9C78n7MHRd+hTfvNkz3AUFgxWB+6GE=
github.com/deatil/go-cryptobin v1.1.1002/go.mod h1:x+/+SzyfbxliY2y0Fwe+OoLU0DEt9kWs6OMiwghcfJ0=
golang.org/x/crypto v0.31.0 h1:ihbySMvVjLAeSH1IbfcRTkD/iNscyz8rGzjF/E5hV6U=
golang.org/x/crypto v0.31.0/go.mod h1:kDsLvtWBEx7MV9tJOj9bnXsPbxwJQ6csT/x4KIN4Ssk=
