github.com/beevik/etree v1.5.1 h1:TC3zyxYp+81wAmbsi8SWUpZCurbxa6S8RITYRSkNRwo=
github.com/beevik/etree v1.5.1/go.mod h1:gPNJNaBGVZ9AwsidazFZyygnd+0pAU38N4D+WemwKNs=
github.com/deatil/go-cryptobin v1.1.1002 h1:CLDpd9IePLoDq9C78n7MHRd+hTfvNkz3AUFgxWB+6GE=
github.com/deatil/go-cryptobin v1.1.1002/go.mod h1:x+/+SzyfbxliY2y0Fwe+OoLU0DEt9kWs6OMiwghcfJ0=
